{
  "name": "svg-js-demo",
  "version": "1.0.0",
  "lockfileVersion": 1,
  "requires": true,
  "dependencies": {
    "svg.easing.js": {
      "version": "2.0.0",
      "resolved": "http://artifactory/artifactory/api/npm/npm/svg.easing.js/-/svg.easing.js-2.0.0.tgz",
      "integrity": "sha1-iqmUawqOJ4V6XEChDrpAkeVpHxI=",
      "requires": {
        "svg.js": "2.6.5"
      }
    },
    "svg.js": {
      "version": "2.6.5",
      "resolved": "http://artifactory/artifactory/api/npm/npm/svg.js/-/svg.js-2.6.5.tgz",
      "integrity": "sha1-W5PQyMEeK3CBLvneFWKqkZdcw7Y="
    }
  }
}
