{
  "name": "gsap-demo",
  "version": "1.0.0",
  "lockfileVersion": 1,
  "requires": true,
  "dependencies": {
    "gsap": {
      "version": "2.0.1",
      "resolved": "https://registry.npmjs.org/gsap/-/gsap-2.0.1.tgz",
      "integrity": "sha512-qxkO/cwLXltcK9xL3bgXlw3WXrkJsbiRY7HcqoeFzT0lizDyTG8XU2iQ5xAOXo9MJMKIYURFLQN1IHOVaLORLA=="
    }
  }
}
