{
  "name": "snap.svg",
  "version": "1.0.0",
  "lockfileVersion": 1,
  "requires": true,
  "dependencies": {
    "eve": {
      "version": "0.5.4",
      "resolved": "http://artifactory/artifactory/api/npm/npm/eve/-/eve-0.5.4.tgz",
      "integrity": "sha1-Z9CAuXJSkdfjieNMJoYN2X8d66o="
    },
    "snapsvg": {
      "version": "0.5.1",
      "resolved": "http://artifactory/artifactory/api/npm/npm/snapsvg/-/snapsvg-0.5.1.tgz",
      "integrity": "sha1-DK9Sx5GJopB0b8RGzF6GP2vd3+M=",
      "requires": {
        "eve": "0.5.4"
      }
    }
  }
}
